
Microsoft Visual Studio Solution File, Format Version 12.00
# Visual Studio Version 17
VisualStudioVersion = 17.13.35931.197 d17.13
MinimumVisualStudioVersion = 10.0.40219.1
Project("{FAE04EC0-301F-11D3-BF4B-00C04F79EFBC}") = "StudentPortalSystemMVC", "StudentPortalSystemMVC\StudentPortalSystemMVC.csproj", "{44455A6D-97AE-4127-8F7C-FD4A5D6A474E}"
EndProject
Global
	GlobalSection(SolutionConfigurationPlatforms) = preSolution
		Debug|Any CPU = Debug|Any CPU
		Release|Any CPU = Release|Any CPU
	EndGlobalSection
	GlobalSection(ProjectConfigurationPlatforms) = postSolution
		{44455A6D-97AE-4127-8F7C-FD4A5D6A474E}.Debug|Any CPU.ActiveCfg = Debug|Any CPU
		{44455A6D-97AE-4127-8F7C-FD4A5D6A474E}.Debug|Any CPU.Build.0 = Debug|Any CPU
		{44455A6D-97AE-4127-8F7C-FD4A5D6A474E}.Release|Any CPU.ActiveCfg = Release|Any CPU
		{44455A6D-97AE-4127-8F7C-FD4A5D6A474E}.Release|Any CPU.Build.0 = Release|Any CPU
	EndGlobalSection
	GlobalSection(SolutionProperties) = preSolution
		HideSolutionNode = FALSE
	EndGlobalSection
	GlobalSection(ExtensibilityGlobals) = postSolution
		SolutionGuid = {1D65F060-DE22-4569-AA10-0456B770E282}
	EndGlobalSection
EndGlobal
